dependencies:
- name: postgresql
  repository: https://charts.bitnami.com/bitnami
  version: 16.7.27
- name: redis
  repository: https://charts.bitnami.com/bitnami
  version: 23.0.10
digest: sha256:cc23f4f879fa90168fa8d4c830b0bbea8c290b0af3012faf02f0ec87d7788c8d
generated: "2025-12-06T12:13:01.026061-03:00"
