// !$*UTF8*$!
{
 archiveVersion = 1;
 classes = {};
 objectVersion = 77;
 objects = {
  A00000000000000000000001 = {isa = PBXProject; buildConfigurationList = A00000000000000000000002; compatibilityVersion = "Xcode 16.0"; developmentRegion = en; knownRegions = (en, Base); mainGroup = A00000000000000000000003; productRefGroup = A00000000000000000000004; projectDirPath = ""; projectRoot = ""; targets = (A00000000000000000000005); };
  A00000000000000000000002 = {isa = XCConfigurationList; buildConfigurations = (A00000000000000000000006, A00000000000000000000007); defaultConfigurationIsVisible = 0; defaultConfigurationName = Debug; };
  A00000000000000000000003 = {isa = PBXGroup; children = (A00000000000000000000008, A00000000000000000000004); sourceTree = "<group>"; };
  A00000000000000000000004 = {isa = PBXGroup; children = (A00000000000000000000009); name = Products; sourceTree = "<group>"; };
  A00000000000000000000005 = {isa = PBXNativeTarget; buildConfigurationList = A00000000000000000000010; buildPhases = (A00000000000000000000011, A00000000000000000000012, A00000000000000000000013); buildRules = (); dependencies = (); fileSystemSynchronizedGroups = (A00000000000000000000008); name = PushDemo; productName = PushDemo; productReference = A00000000000000000000009; productType = "com.apple.product-type.application"; };
  A00000000000000000000006 = {isa = XCBuildConfiguration; buildSettings = {SDKROOT = iphoneos; IPHONEOS_DEPLOYMENT_TARGET = 17.0; SWIFT_VERSION = 5.0; CLANG_ENABLE_MODULES = YES; SWIFT_OPTIMIZATION_LEVEL = "-Onone"; SWIFT_ACTIVE_COMPILATION_CONDITIONS = DEBUG; }; name = Debug; };
  A00000000000000000000007 = {isa = XCBuildConfiguration; buildSettings = {SDKROOT = iphoneos; IPHONEOS_DEPLOYMENT_TARGET = 17.0; SWIFT_VERSION = 5.0; CLANG_ENABLE_MODULES = YES; }; name = Release; };
  A00000000000000000000008 = {isa = PBXFileSystemSynchronizedRootGroup; exceptions = (A00000000000000000000016); path = PushDemo; sourceTree = "<group>"; };
  A00000000000000000000009 = {isa = PBXFileReference; explicitFileType = wrapper.application; includeInIndex = 0; path = PushDemo.app; sourceTree = BUILT_PRODUCTS_DIR; };
  A00000000000000000000010 = {isa = XCConfigurationList; buildConfigurations = (A00000000000000000000014, A00000000000000000000015); defaultConfigurationIsVisible = 0; defaultConfigurationName = Debug; };
  A00000000000000000000011 = {isa = PBXSourcesBuildPhase; buildActionMask = 2147483647; files = (); runOnlyForDeploymentPostprocessing = 0; };
  A00000000000000000000012 = {isa = PBXFrameworksBuildPhase; buildActionMask = 2147483647; files = (); runOnlyForDeploymentPostprocessing = 0; };
  A00000000000000000000013 = {isa = PBXResourcesBuildPhase; buildActionMask = 2147483647; files = (); runOnlyForDeploymentPostprocessing = 0; };
  A00000000000000000000014 = {isa = XCBuildConfiguration; buildSettings = {PRODUCT_BUNDLE_IDENTIFIER = chatwoot.ChatwootExampleApp; PRODUCT_NAME = "$(TARGET_NAME)"; CODE_SIGN_STYLE = Automatic; DEVELOPMENT_TEAM = L7YLMN4634; CODE_SIGN_ENTITLEMENTS = PushDemo.entitlements; GENERATE_INFOPLIST_FILE = YES; INFOPLIST_FILE = PushDemo/Info.plist; INFOPLIST_KEY_UIApplicationSceneManifest_Generation = YES; INFOPLIST_KEY_UILaunchScreen_Generation = YES; CURRENT_PROJECT_VERSION = 1; MARKETING_VERSION = 1.0; TARGETED_DEVICE_FAMILY = "1,2"; }; name = Debug; };
  A00000000000000000000015 = {isa = XCBuildConfiguration; buildSettings = {PRODUCT_BUNDLE_IDENTIFIER = chatwoot.ChatwootExampleApp; PRODUCT_NAME = "$(TARGET_NAME)"; CODE_SIGN_STYLE = Automatic; DEVELOPMENT_TEAM = L7YLMN4634; CODE_SIGN_ENTITLEMENTS = PushDemo.entitlements; GENERATE_INFOPLIST_FILE = YES; INFOPLIST_FILE = PushDemo/Info.plist; INFOPLIST_KEY_UIApplicationSceneManifest_Generation = YES; INFOPLIST_KEY_UILaunchScreen_Generation = YES; CURRENT_PROJECT_VERSION = 1; MARKETING_VERSION = 1.0; TARGETED_DEVICE_FAMILY = "1,2"; }; name = Release; };
  A00000000000000000000016 = {isa = PBXFileSystemSynchronizedBuildFileExceptionSet; membershipExceptions = (Info.plist); target = A00000000000000000000005; };
 };
 rootObject = A00000000000000000000001;
}
